
Microsoft Visual Studio Solution File, Format Version 12.00
# Visual Studio 14
VisualStudioVersion = 14.0.23107.0
MinimumVisualStudioVersion = 10.0.40219.1
Project("{F184B08F-C81C-45F6-A57F-5ABD9991F28F}") = "RDPClient", "RDP\RDPClient.vbproj", "{F24CEBB3-249E-4E32-81EC-D5F84EAD5EAA}"
EndProject
Project("{F184B08F-C81C-45F6-A57F-5ABD9991F28F}") = "RDPServer", "RDPServer\RDPServer.vbproj", "{67E09632-4CC3-4419-8243-CFB50E9C9E0D}"
EndProject
Global
	GlobalSection(SolutionConfigurationPlatforms) = preSolution
		Debug|Any CPU = Debug|Any CPU
		Release|Any CPU = Release|Any CPU
	EndGlobalSection
	GlobalSection(ProjectConfigurationPlatforms) = postSolution
		{F24CEBB3-249E-4E32-81EC-D5F84EAD5EAA}.Debug|Any CPU.ActiveCfg = Debug|Any CPU
		{F24CEBB3-249E-4E32-81EC-D5F84EAD5EAA}.Debug|Any CPU.Build.0 = Debug|Any CPU
		{F24CEBB3-249E-4E32-81EC-D5F84EAD5EAA}.Release|Any CPU.ActiveCfg = Release|Any CPU
		{F24CEBB3-249E-4E32-81EC-D5F84EAD5EAA}.Release|Any CPU.Build.0 = Release|Any CPU
		{67E09632-4CC3-4419-8243-CFB50E9C9E0D}.Debug|Any CPU.ActiveCfg = Debug|Any CPU
		{67E09632-4CC3-4419-8243-CFB50E9C9E0D}.Debug|Any CPU.Build.0 = Debug|Any CPU
		{67E09632-4CC3-4419-8243-CFB50E9C9E0D}.Release|Any CPU.ActiveCfg = Release|Any CPU
		{67E09632-4CC3-4419-8243-CFB50E9C9E0D}.Release|Any CPU.Build.0 = Release|Any CPU
	EndGlobalSection
	GlobalSection(SolutionProperties) = preSolution
		HideSolutionNode = FALSE
	EndGlobalSection
EndGlobal
